
Microsoft Visual Studio Solution File, Format Version 12.00
# Visual Studio Version 16
VisualStudioVersion = 16.0.31205.134
MinimumVisualStudioVersion = 10.0.40219.1
Project("{FAE04EC0-301F-11D3-BF4B-00C04F79EFBC}") = "MateuszKostCV", "MateuszKostCV.csproj", "{E070492B-C283-465D-82A8-27847CD4D9F5}"
EndProject
Global
	GlobalSection(SolutionConfigurationPlatforms) = preSolution
		Debug|Any CPU = Debug|Any CPU
		Release|Any CPU = Release|Any CPU
	EndGlobalSection
	GlobalSection(ProjectConfigurationPlatforms) = postSolution
		{E070492B-C283-465D-82A8-27847CD4D9F5}.Debug|Any CPU.ActiveCfg = Debug|Any CPU
		{E070492B-C283-465D-82A8-27847CD4D9F5}.Debug|Any CPU.Build.0 = Debug|Any CPU
		{E070492B-C283-465D-82A8-27847CD4D9F5}.Release|Any CPU.ActiveCfg = Release|Any CPU
		{E070492B-C283-465D-82A8-27847CD4D9F5}.Release|Any CPU.Build.0 = Release|Any CPU
	EndGlobalSection
	GlobalSection(SolutionProperties) = preSolution
		HideSolutionNode = FALSE
	EndGlobalSection
	GlobalSection(ExtensibilityGlobals) = postSolution
		SolutionGuid = {BA05036D-A112-4311-84D3-4B3985F9DEBD}
	EndGlobalSection
EndGlobal
